// !$*UTF8*$!
{
	archiveVersion = 1;
	classes = {
	};
	objectVersion = 56;
	objects = {

/* Begin PBXBuildFile section */
		BD0E75842BFEF2AE006DD6DB /* AppDelegate.swift in Sources */ = {isa = PBXBuildFile; fileRef = BD0E75832BFEF2AE006DD6DB /* AppDelegate.swift */; };
		BD0E75862BFEF2AE006DD6DB /* SceneDelegate.swift in Sources */ = {isa = PBXBuildFile; fileRef = BD0E75852BFEF2AE006DD6DB /* SceneDelegate.swift */; };
		BD0E75882BFEF2AE006DD6DB /* ViewController.swift in Sources */ = {isa = PBXBuildFile; fileRef = BD0E75872BFEF2AE006DD6DB /* ViewController.swift */; };
		BD0E758B2BFEF2AE006DD6DB /* Main.storyboard in Resources */ = {isa = PBXBuildFile; fileRef = BD0E75892BFEF2AE006DD6DB /* Main.storyboard */; };
		BD0E758D2BFEF2B0006DD6DB /* Assets.xcassets in Resources */ = {isa = PBXBuildFile; fileRef = BD0E758C2BFEF2B0006DD6DB /* Assets.xcassets */; };
		BD0E75902BFEF2B0006DD6DB /* LaunchScreen.storyboard in Resources */ = {isa = PBXBuildFile; fileRef = BD0E758E2BFEF2B0006DD6DB /* LaunchScreen.storyboard */; };
		BD0E75982BFEFBEA006DD6DB /* MovieCell.swift in Sources */ = {isa = PBXBuildFile; fileRef = BD0E75972BFEFBEA006DD6DB /* MovieCell.swift */; };
		BD0E759E2BFEFF52006DD6DB /* Movie.swift in Sources */ = {isa = PBXBuildFile; fileRef = BD0E759D2BFEFF52006DD6DB /* Movie.swift */; };
		BD7EE19A2BFF56E90070E703 /* DataManager.swift in Sources */ = {isa = PBXBuildFile; fileRef = BD7EE1992BFF56E90070E703 /* DataManager.swift */; };
/* End PBXBuildFile section */

/* Begin PBXFileReference section */
		BD0E75802BFEF2AE006DD6DB /* TableView.app */ = {isa = PBXFileReference; explicitFileType = wrapper.application; includeInIndex = 0; path = TableView.app; sourceTree = BUILT_PRODUCTS_DIR; };
		BD0E75832BFEF2AE006DD6DB /* AppDelegate.swift */ = {isa = PBXFileReference; lastKnownFileType = sourcecode.swift; path = AppDelegate.swift; sourceTree = "<group>"; };
		BD0E75852BFEF2AE006DD6DB /* SceneDelegate.swift */ = {isa = PBXFileReference; lastKnownFileType = sourcecode.swift; path = SceneDelegate.swift; sourceTree = "<group>"; };
		BD0E75872BFEF2AE006DD6DB /* ViewController.swift */ = {isa = PBXFileReference; lastKnownFileType = sourcecode.swift; path = ViewController.swift; sourceTree = "<group>"; };
		BD0E758A2BFEF2AE006DD6DB /* Base */ = {isa = PBXFileReference; lastKnownFileType = file.storyboard; name = Base; path = Base.lproj/Main.storyboard; sourceTree = "<group>"; };
		BD0E758C2BFEF2B0006DD6DB /* Assets.xcassets */ = {isa = PBXFileReference; lastKnownFileType = folder.assetcatalog; path = Assets.xcassets; sourceTree = "<group>"; };
		BD0E758F2BFEF2B0006DD6DB /* Base */ = {isa = PBXFileReference; lastKnownFileType = file.storyboard; name = Base; path = Base.lproj/LaunchScreen.storyboard; sourceTree = "<group>"; };
		BD0E75912BFEF2B0006DD6DB /* Info.plist */ = {isa = PBXFileReference; lastKnownFileType = text.plist.xml; path = Info.plist; sourceTree = "<group>"; };
		BD0E75972BFEFBEA006DD6DB /* MovieCell.swift */ = {isa = PBXFileReference; lastKnownFileType = sourcecode.swift; path = MovieCell.swift; sourceTree = "<group>"; };
		BD0E759D2BFEFF52006DD6DB /* Movie.swift */ = {isa = PBXFileReference; lastKnownFileType = sourcecode.swift; path = Movie.swift; sourceTree = "<group>"; };
		BD7EE1992BFF56E90070E703 /* DataManager.swift */ = {isa = PBXFileReference; lastKnownFileType = sourcecode.swift; path = DataManager.swift; sourceTree = "<group>"; };
/* End PBXFileReference section */

/* Begin PBXFrameworksBuildPhase section */
		BD0E757D2BFEF2AE006DD6DB /* Frameworks */ = {
			isa = PBXFrameworksBuildPhase;
			buildActionMask = 2147483647;
			files = (
			);
			runOnlyForDeploymentPostprocessing = 0;
		};
/* End PBXFrameworksBuildPhase section */

/* Begin PBXGroup section */
		BD0E75772BFEF2AE006DD6DB = {
			isa = PBXGroup;
			children = (
				BD0E75822BFEF2AE006DD6DB /* TableView */,
				BD0E75812BFEF2AE006DD6DB /* Products */,
			);
			sourceTree = "<group>";
		};
		BD0E75812BFEF2AE006DD6DB /* Products */ = {
			isa = PBXGroup;
			children = (
				BD0E75802BFEF2AE006DD6DB /* TableView.app */,
			);
			name = Products;
			sourceTree = "<group>";
		};
		BD0E75822BFEF2AE006DD6DB /* TableView */ = {
			isa = PBXGroup;
			children = (
				BD0E75832BFEF2AE006DD6DB /* AppDelegate.swift */,
				BD0E75852BFEF2AE006DD6DB /* SceneDelegate.swift */,
				BD0E75992BFEFEB2006DD6DB /* Models */,
				BD0E759B2BFEFED7006DD6DB /* Views */,
				BD0E759C2BFEFEE2006DD6DB /* Controllers */,
				BD0E758C2BFEF2B0006DD6DB /* Assets.xcassets */,
				BD0E758E2BFEF2B0006DD6DB /* LaunchScreen.storyboard */,
				BD0E75912BFEF2B0006DD6DB /* Info.plist */,
			);
			path = TableView;
			sourceTree = "<group>";
		};
		BD0E75992BFEFEB2006DD6DB /* Models */ = {
			isa = PBXGroup;
			children = (
				BD0E759D2BFEFF52006DD6DB /* Movie.swift */,
				BD7EE1992BFF56E90070E703 /* DataManager.swift */,
			);
			path = Models;
			sourceTree = "<group>";
		};
		BD0E759B2BFEFED7006DD6DB /* Views */ = {
			isa = PBXGroup;
			children = (
				BD0E75892BFEF2AE006DD6DB /* Main.storyboard */,
				BD0E75972BFEFBEA006DD6DB /* MovieCell.swift */,
			);
			path = Views;
			sourceTree = "<group>";
		};
		BD0E759C2BFEFEE2006DD6DB /* Controllers */ = {
			isa = PBXGroup;
			children = (
				BD0E75872BFEF2AE006DD6DB /* ViewController.swift */,
			);
			path = Controllers;
			sourceTree = "<group>";
		};
/* End PBXGroup section */

/* Begin PBXNativeTarget section */
		BD0E757F2BFEF2AE006DD6DB /* TableView */ = {
			isa = PBXNativeTarget;
			buildConfigurationList = BD0E75942BFEF2B0006DD6DB /* Build configuration list for PBXNativeTarget "TableView" */;
			buildPhases = (
				BD0E757C2BFEF2AE006DD6DB /* Sources */,
				BD0E757D2BFEF2AE006DD6DB /* Frameworks */,
				BD0E757E2BFEF2AE006DD6DB /* Resources */,
			);
			buildRules = (
			);
			dependencies = (
			);
			name = TableView;
			productName = TableView;
			productReference = BD0E75802BFEF2AE006DD6DB /* TableView.app */;
			productType = "com.apple.product-type.application";
		};
/* End PBXNativeTarget section */

/* Begin PBXProject section */
		BD0E75782BFEF2AE006DD6DB /* Project object */ = {
			isa = PBXProject;
			attributes = {
				BuildIndependentTargetsInParallel = 1;
				LastSwiftUpdateCheck = 1500;
				LastUpgradeCheck = 1500;
				TargetAttributes = {
					BD0E757F2BFEF2AE006DD6DB = {
						CreatedOnToolsVersion = 15.0;
					};
				};
			};
			buildConfigurationList = BD0E757B2BFEF2AE006DD6DB /* Build configuration list for PBXProject "TableView" */;
			compatibilityVersion = "Xcode 14.0";
			developmentRegion = en;
			hasScannedForEncodings = 0;
			knownRegions = (
				en,
				Base,
			);
			mainGroup = BD0E75772BFEF2AE006DD6DB;
			productRefGroup = BD0E75812BFEF2AE006DD6DB /* Products */;
			projectDirPath = "";
			projectRoot = "";
			targets = (
				BD0E757F2BFEF2AE006DD6DB /* TableView */,
			);
		};
/* End PBXProject section */

/* Begin PBXResourcesBuildPhase section */
		BD0E757E2BFEF2AE006DD6DB /* Resources */ = {
			isa = PBXResourcesBuildPhase;
			buildActionMask = 2147483647;
			files = (
				BD0E75902BFEF2B0006DD6DB /* LaunchScreen.storyboard in Resources */,
				BD0E758D2BFEF2B0006DD6DB /* Assets.xcassets in Resources */,
				BD0E758B2BFEF2AE006DD6DB /* Main.storyboard in Resources */,
			);
			runOnlyForDeploymentPostprocessing = 0;
		};
/* End PBXResourcesBuildPhase section */

/* Begin PBXSourcesBuildPhase section */
		BD0E757C2BFEF2AE006DD6DB /* Sources */ = {
			isa = PBXSourcesBuildPhase;
			buildActionMask = 2147483647;
			files = (
				BD0E75882BFEF2AE006DD6DB /* ViewController.swift in Sources */,
				BD7EE19A2BFF56E90070E703 /* DataManager.swift in Sources */,
				BD0E75842BFEF2AE006DD6DB /* AppDelegate.swift in Sources */,
				BD0E75982BFEFBEA006DD6DB /* MovieCell.swift in Sources */,
				BD0E75862BFEF2AE006DD6DB /* SceneDelegate.swift in Sources */,
				BD0E759E2BFEFF52006DD6DB /* Movie.swift in Sources */,
			);
			runOnlyForDeploymentPostprocessing = 0;
		};
/* End PBXSourcesBuildPhase section */

/* Begin PBXVariantGroup section */
		BD0E75892BFEF2AE006DD6DB /* Main.storyboard */ = {
			isa = PBXVariantGroup;
			children = (
				BD0E758A2BFEF2AE006DD6DB /* Base */,
			);
			name = Main.storyboard;
			sourceTree = "<group>";
		};
		BD0E758E2BFEF2B0006DD6DB /* LaunchScreen.storyboard */ = {
			isa = PBXVariantGroup;
			children = (
				BD0E758F2BFEF2B0006DD6DB /* Base */,
			);
			name = LaunchScreen.storyboard;
			sourceTree = "<group>";
		};
/* End PBXVariantGroup section */

/* Begin XCBuildConfiguration section */
		BD0E75922BFEF2B0006DD6DB /* Debug */ = {
			isa = XCBuildConfiguration;
			buildSettings = {
				ALWAYS_SEARCH_USER_PATHS = NO;
				ASSETCATALOG_COMPILER_GENERATE_SWIFT_ASSET_SYMBOL_EXTENSIONS = YES;
				CLANG_ANALYZER_NONNULL = YES;
				CLANG_ANALYZER_NUMBER_OBJECT_CONVERSION = YES_AGGRESSIVE;
				CLANG_CXX_LANGUAGE_STANDARD = "gnu++20";
				CLANG_ENABLE_MODULES = YES;
				CLANG_ENABLE_OBJC_ARC = YES;
				CLANG_ENABLE_OBJC_WEAK = YES;
				CLANG_WARN_BLOCK_CAPTURE_AUTORELEASING = YES;
				CLANG_WARN_BOOL_CONVERSION = YES;
				CLANG_WARN_COMMA = YES;
				CLANG_WARN_CONSTANT_CONVERSION = YES;
				CLANG_WARN_DEPRECATED_OBJC_IMPLEMENTATIONS = YES;
				CLANG_WARN_DIRECT_OBJC_ISA_USAGE = YES_ERROR;
				CLANG_WARN_DOCUMENTATION_COMMENTS = YES;
				CLANG_WARN_EMPTY_BODY = YES;
				CLANG_WARN_ENUM_CONVERSION = YES;
				CLANG_WARN_INFINITE_RECURSION = YES;
				CLANG_WARN_INT_CONVERSION = YES;
				CLANG_WARN_NON_LITERAL_NULL_CONVERSION = YES;
				CLANG_WARN_OBJC_IMPLICIT_RETAIN_SELF = YES;
				CLANG_WARN_OBJC_LITERAL_CONVERSION = YES;
				CLANG_WARN_OBJC_ROOT_CLASS = YES_ERROR;
				CLANG_WARN_QUOTED_INCLUDE_IN_FRAMEWORK_HEADER = YES;
				CLANG_WARN_RANGE_LOOP_ANALYSIS = YES;
				CLANG_WARN_STRICT_PROTOTYPES = YES;
				CLANG_WARN_SUSPICIOUS_MOVE = YES;
				CLANG_WARN_UNGUARDED_AVAILABILITY = YES_AGGRESSIVE;
				CLANG_WARN_UNREACHABLE_CODE = YES;
				CLANG_WARN__DUPLICATE_METHOD_MATCH = YES;
				COPY_PHASE_STRIP = NO;
				DEBUG_INFORMATION_FORMAT = dwarf;
				ENABLE_STRICT_OBJC_MSGSEND = YES;
				ENABLE_TESTABILITY = YES;
				ENABLE_USER_SCRIPT_SANDBOXING = YES;
				GCC_C_LANGUAGE_STANDARD = gnu17;
				GCC_DYNAMIC_NO_PIC = NO;
				GCC_NO_COMMON_BLOCKS = YES;
				GCC_OPTIMIZATION_LEVEL = 0;
				GCC_PREPROCESSOR_DEFINITIONS = (
					"DEBUG=1",
					"$(inherited)",
				);
				GCC_WARN_64_TO_32_BIT_CONVERSION = YES;
				GCC_WARN_ABOUT_RETURN_TYPE = YES_ERROR;
				GCC_WARN_UNDECLARED_SELECTOR = YES;
				GCC_WARN_UNINITIALIZED_AUTOS = YES_AGGRESSIVE;
				GCC_WARN_UNUSED_FUNCTION = YES;
				GCC_WARN_UNUSED_VARIABLE = YES;
				IPHONEOS_DEPLOYMENT_TARGET = 17.0;
				LOCALIZATION_PREFERS_STRING_CATALOGS = YES;
				MTL_ENABLE_DEBUG_INFO = INCLUDE_SOURCE;
				MTL_FAST_MATH = YES;
				ONLY_ACTIVE_ARCH = YES;
				SDKROOT = iphoneos;
				SWIFT_ACTIVE_COMPILATION_CONDITIONS = "DEBUG $(inherited)";
				SWIFT_OPTIMIZATION_LEVEL = "-Onone";
			};
			name = Debug;
		};
		BD0E75932BFEF2B0006DD6DB /* Release */ = {
			isa = XCBuildConfiguration;
			buildSettings = {
				ALWAYS_SEARCH_USER_PATHS = NO;
				ASSETCATALOG_COMPILER_GENERATE_SWIFT_ASSET_SYMBOL_EXTENSIONS = YES;
				CLANG_ANALYZER_NONNULL = YES;
				CLANG_ANALYZER_NUMBER_OBJECT_CONVERSION = YES_AGGRESSIVE;
				CLANG_CXX_LANGUAGE_STANDARD = "gnu++20";
				CLANG_ENABLE_MODULES = YES;
				CLANG_ENABLE_OBJC_ARC = YES;
				CLANG_ENABLE_OBJC_WEAK = YES;
				CLANG_WARN_BLOCK_CAPTURE_AUTORELEASING = YES;
				CLANG_WARN_BOOL_CONVERSION = YES;
				CLANG_WARN_COMMA = YES;
				CLANG_WARN_CONSTANT_CONVERSION = YES;
				CLANG_WARN_DEPRECATED_OBJC_IMPLEMENTATIONS = YES;
				CLANG_WARN_DIRECT_OBJC_ISA_USAGE = YES_ERROR;
				CLANG_WARN_DOCUMENTATION_COMMENTS = YES;
				CLANG_WARN_EMPTY_BODY = YES;
				CLANG_WARN_ENUM_CONVERSION = YES;
				CLANG_WARN_INFINITE_RECURSION = YES;
				CLANG_WARN_INT_CONVERSION = YES;
				CLANG_WARN_NON_LITERAL_NULL_CONVERSION = YES;
				CLANG_WARN_OBJC_IMPLICIT_RETAIN_SELF = YES;
				CLANG_WARN_OBJC_LITERAL_CONVERSION = YES;
				CLANG_WARN_OBJC_ROOT_CLASS = YES_ERROR;
				CLANG_WARN_QUOTED_INCLUDE_IN_FRAMEWORK_HEADER = YES;
				CLANG_WARN_RANGE_LOOP_ANALYSIS = YES;
				CLANG_WARN_STRICT_PROTOTYPES = YES;
				CLANG_WARN_SUSPICIOUS_MOVE = YES;
				CLANG_WARN_UNGUARDED_AVAILABILITY = YES_AGGRESSIVE;
				CLANG_WARN_UNREACHABLE_CODE = YES;
				CLANG_WARN__DUPLICATE_METHOD_MATCH = YES;
				COPY_PHASE_STRIP = NO;
				DEBUG_INFORMATION_FORMAT = "dwarf-with-dsym";
				ENABLE_NS_ASSERTIONS = NO;
				ENABLE_STRICT_OBJC_MSGSEND = YES;
				ENABLE_USER_SCRIPT_SANDBOXING = YES;
				GCC_C_LANGUAGE_STANDARD = gnu17;
				GCC_NO_COMMON_BLOCKS = YES;
				GCC_WARN_64_TO_32_BIT_CONVERSION = YES;
				GCC_WARN_ABOUT_RETURN_TYPE = YES_ERROR;
				GCC_WARN_UNDECLARED_SELECTOR = YES;
				GCC_WARN_UNINITIALIZED_AUTOS = YES_AGGRESSIVE;
				GCC_WARN_UNUSED_FUNCTION = YES;
				GCC_WARN_UNUSED_VARIABLE = YES;
				IPHONEOS_DEPLOYMENT_TARGET = 17.0;
				LOCALIZATION_PREFERS_STRING_CATALOGS = YES;
				MTL_ENABLE_DEBUG_INFO = NO;
				MTL_FAST_MATH = YES;
				SDKROOT = iphoneos;
				SWIFT_COMPILATION_MODE = wholemodule;
				VALIDATE_PRODUCT = YES;
			};
			name = Release;
		};
		BD0E75952BFEF2B0006DD6DB /* Debug */ = {
			isa = XCBuildConfiguration;
			buildSettings = {
				ASSETCATALOG_COMPILER_APPICON_NAME = AppIcon;
				ASSETCATALOG_COMPILER_GLOBAL_ACCENT_COLOR_NAME = AccentColor;
				CODE_SIGN_STYLE = Automatic;
				CURRENT_PROJECT_VERSION = 1;
				GENERATE_INFOPLIST_FILE = YES;
				INFOPLIST_FILE = TableView/Info.plist;
				INFOPLIST_KEY_UIApplicationSupportsIndirectInputEvents = YES;
				INFOPLIST_KEY_UILaunchStoryboardName = LaunchScreen;
				INFOPLIST_KEY_UIMainStoryboardFile = Main;
				INFOPLIST_KEY_UISupportedInterfaceOrientations = UIInterfaceOrientationPortrait;
				INFOPLIST_KEY_UISupportedInterfaceOrientations_iPad = "UIInterfaceOrientationLandscapeLeft UIInterfaceOrientationLandscapeRight UIInterfaceOrientationPortrait UIInterfaceOrientationPortraitUpsideDown";
				IPHONEOS_DEPLOYMENT_TARGET = 13.0;
				LD_RUNPATH_SEARCH_PATHS = (
					"$(inherited)",
					"@executable_path/Frameworks",
				);
				MARKETING_VERSION = 1.0;
				PRODUCT_BUNDLE_IDENTIFIER = com.changkeun.TableView;
				PRODUCT_NAME = "$(TARGET_NAME)";
				SUPPORTED_PLATFORMS = "iphoneos iphonesimulator";
				SUPPORTS_MACCATALYST = NO;
				SUPPORTS_MAC_DESIGNED_FOR_IPHONE_IPAD = NO;
				SWIFT_EMIT_LOC_STRINGS = YES;
				SWIFT_VERSION = 5.0;
				TARGETED_DEVICE_FAMILY = 1;
			};
			name = Debug;
		};
		BD0E75962BFEF2B0006DD6DB /* Release */ = {
			isa = XCBuildConfiguration;
			buildSettings = {
				ASSETCATALOG_COMPILER_APPICON_NAME = AppIcon;
				ASSETCATALOG_COMPILER_GLOBAL_ACCENT_COLOR_NAME = AccentColor;
				CODE_SIGN_STYLE = Automatic;
				CURRENT_PROJECT_VERSION = 1;
				GENERATE_INFOPLIST_FILE = YES;
				INFOPLIST_FILE = TableView/Info.plist;
				INFOPLIST_KEY_UIApplicationSupportsIndirectInputEvents = YES;
				INFOPLIST_KEY_UILaunchStoryboardName = LaunchScreen;
				INFOPLIST_KEY_UIMainStoryboardFile = Main;
				INFOPLIST_KEY_UISupportedInterfaceOrientations = UIInterfaceOrientationPortrait;
				INFOPLIST_KEY_UISupportedInterfaceOrientations_iPad = "UIInterfaceOrientationLandscapeLeft UIInterfaceOrientationLandscapeRight UIInterfaceOrientationPortrait UIInterfaceOrientationPortraitUpsideDown";
				IPHONEOS_DEPLOYMENT_TARGET = 13.0;
				LD_RUNPATH_SEARCH_PATHS = (
					"$(inherited)",
					"@executable_path/Frameworks",
				);
				MARKETING_VERSION = 1.0;
				PRODUCT_BUNDLE_IDENTIFIER = com.changkeun.TableView;
				PRODUCT_NAME = "$(TARGET_NAME)";
				SUPPORTED_PLATFORMS = "iphoneos iphonesimulator";
				SUPPORTS_MACCATALYST = NO;
				SUPPORTS_MAC_DESIGNED_FOR_IPHONE_IPAD = NO;
				SWIFT_EMIT_LOC_STRINGS = YES;
				SWIFT_VERSION = 5.0;
				TARGETED_DEVICE_FAMILY = 1;
			};
			name = Release;
		};
/* End XCBuildConfiguration section */

/* Begin XCConfigurationList section */
		BD0E757B2BFEF2AE006DD6DB /* Build configuration list for PBXProject "TableView" */ = {
			isa = XCConfigurationList;
			buildConfigurations = (
				BD0E75922BFEF2B0006DD6DB /* Debug */,
				BD0E75932BFEF2B0006DD6DB /* Release */,
			);
			defaultConfigurationIsVisible = 0;
			defaultConfigurationName = Release;
		};
		BD0E75942BFEF2B0006DD6DB /* Build configuration list for PBXNativeTarget "TableView" */ = {
			isa = XCConfigurationList;
			buildConfigurations = (
				BD0E75952BFEF2B0006DD6DB /* Debug */,
				BD0E75962BFEF2B0006DD6DB /* Release */,
			);
			defaultConfigurationIsVisible = 0;
			defaultConfigurationName = Release;
		};
/* End XCConfigurationList section */
	};
	rootObject = BD0E75782BFEF2AE006DD6DB /* Project object */;
}
